
Microsoft Visual Studio Solution File, Format Version 12.00
# Visual Studio Version 17
VisualStudioVersion = 17.11.35303.130
MinimumVisualStudioVersion = 10.0.40219.1
Project("{FAE04EC0-301F-11D3-BF4B-00C04F79EFBC}") = "DataStructuresWithCCharp_Stack", "DataStructuresWithCCharp_Stack\DataStructuresWithCCharp_Stack.csproj", "{1BC02FB0-4FF0-4823-A244-C64BC45B129F}"
EndProject
Global
	GlobalSection(SolutionConfigurationPlatforms) = preSolution
		Debug|Any CPU = Debug|Any CPU
		Release|Any CPU = Release|Any CPU
	EndGlobalSection
	GlobalSection(ProjectConfigurationPlatforms) = postSolution
		{1BC02FB0-4FF0-4823-A244-C64BC45B129F}.Debug|Any CPU.ActiveCfg = Debug|Any CPU
		{1BC02FB0-4FF0-4823-A244-C64BC45B129F}.Debug|Any CPU.Build.0 = Debug|Any CPU
		{1BC02FB0-4FF0-4823-A244-C64BC45B129F}.Release|Any CPU.ActiveCfg = Release|Any CPU
		{1BC02FB0-4FF0-4823-A244-C64BC45B129F}.Release|Any CPU.Build.0 = Release|Any CPU
	EndGlobalSection
	GlobalSection(SolutionProperties) = preSolution
		HideSolutionNode = FALSE
	EndGlobalSection
	GlobalSection(ExtensibilityGlobals) = postSolution
		SolutionGuid = {F33D4450-A1D4-4951-A212-1736902C5B19}
	EndGlobalSection
EndGlobal
